<?xml version="1.0" encoding="utf-8"?>
<Project ToolsVersion="4.0" xmlns="http://schemas.microsoft.com/developer/msbuild/2003">
  <ItemGroup>
    <Filter Include="lib">
      <UniqueIdentifier>{ea532c5e-65c9-4953-9c87-492da732b4e4}</UniqueIdentifier>
    </Filter>
  </ItemGroup>
  <ItemGroup>
    <ClCompile Include="lib\craplib.cpp">
      <Filter>lib</Filter>
    </ClCompile>
    <ClCompile Include="example.cpp" />
  </ItemGroup>
  <ItemGroup>
    <ClInclude Include="lib\craplib.h">
      <Filter>lib</Filter>
    </ClInclude>
  </ItemGroup>
</Project>